{
  "name": "xml-to-json",
  "version": "1.0.0",
  "lockfileVersion": 1,
  "requires": true,
  "dependencies": {
    "dom-parser": {
      "version": "0.1.6",
      "resolved": "https://registry.npmjs.org/dom-parser/-/dom-parser-0.1.6.tgz",
      "integrity": "sha512-3nVRKbLEwmGfghLoeT1dxlK/0votalnOfasP+8VCHYDfDuCETY4LeMblfOeqww6XZk2ymZ1Uewy/hVad6Dy3yw=="
    },
    "sax": {
      "version": "1.2.4",
      "resolved": "https://registry.npmjs.org/sax/-/sax-1.2.4.tgz",
      "integrity": "sha512-NqVDv9TpANUjFm0N8uM5GxL36UgKi9/atZw+x7YFnQ8ckwFGKrl4xX4yWtrey3UJm5nP1kUbnYgLopqWNSRhWw=="
    },
    "xml-js": {
      "version": "1.6.11",
      "resolved": "https://registry.npmjs.org/xml-js/-/xml-js-1.6.11.tgz",
      "integrity": "sha512-7rVi2KMfwfWFl+GpPg6m80IVMWXLRjO+PxTq7V2CDhoGak0wzYzFgUY2m4XJ47OGdXd8eLE8EmwfAmdjw7lC1g==",
      "requires": {
        "sax": "^1.2.4"
      }
    },
    "xmldom": {
      "version": "0.1.27",
      "resolved": "https://registry.npmjs.org/xmldom/-/xmldom-0.1.27.tgz",
      "integrity": "sha1-1QH5ezvbQDr4757MIFcxh6rawOk="
    },
    "xmlhttprequest": {
      "version": "1.8.0",
      "resolved": "https://registry.npmjs.org/xmlhttprequest/-/xmlhttprequest-1.8.0.tgz",
      "integrity": "sha1-Z/4HXFwk/vOfnWX197f+dRcZaPw="
    }
  }
}
